{
  "version": 4,
  "terraform_version": "1.5.7",
  "serial": 101,
  "lineage": "ac608541-2946-549a-7a1f-7bf6d56154b2",
  "outputs": {
    "subnet_id": {
      "value": "ocid1.subnet.oc1.eu-zurich-1.aaaaaaaawcfqaclsteiqd75etsqxethyubxjsmenosjnmvhubjlpbsxqws7q",
      "type": "string"
    },
    "vcn_id": {
      "value": "ocid1.vcn.oc1.eu-zurich-1.amaaaaaaoiee5miaiyec5nbvkaacb25yxtnt76lkuravku2e2chmgdjglduq",
      "type": "string"
    }
  },
  "resources": [
    {
      "mode": "data",
      "type": "oci_identity_availability_domains",
      "name": "ads",
      "provider": "provider[\"registry.terraform.io/oracle/oci\"]",
      "instances": [
        {
          "schema_version": 0,
          "attributes": {
            "availability_domains": [
              {
                "compartment_id": "ocid1.tenancy.oc1..aaaaaaaayoydvq6z3nxv4t6kz3hbpcak5ufveld6kvuvgclj5nnx5hmn2fxq",
                "id": "ocid1.availabilitydomain.oc1..aaaaaaaahcyn7jl4yxlhced4gce662epqj4bniuu7xnoub2bka7aehwqa2ta",
                "name": "DIBK:EU-ZURICH-1-AD-1"
              }
            ],
            "compartment_id": "ocid1.tenancy.oc1..aaaaaaaayoydvq6z3nxv4t6kz3hbpcak5ufveld6kvuvgclj5nnx5hmn2fxq",
            "filter": null,
            "id": "IdentityAvailabilityDomainsDataSource-3816383519"
          },
          "sensitive_attributes": []
        }
      ]
    },
    {
      "module": "module.network",
      "mode": "managed",
      "type": "oci_core_internet_gateway",
      "name": "this",
      "provider": "provider[\"registry.terraform.io/oracle/oci\"]",
      "instances": [
        {
          "schema_version": 0,
          "attributes": {
            "compartment_id": "ocid1.tenancy.oc1..aaaaaaaayoydvq6z3nxv4t6kz3hbpcak5ufveld6kvuvgclj5nnx5hmn2fxq",
            "defined_tags": {
              "Oracle-Tags.CreatedBy": "default/vicenteherrera@vicenteherrera.com",
              "Oracle-Tags.CreatedOn": "2026-03-29T08:36:08.618Z"
            },
            "display_name": "always-free-vm-igw",
            "enabled": true,
            "freeform_tags": {},
            "id": "ocid1.internetgateway.oc1.eu-zurich-1.aaaaaaaapegdp4m44chozrgrb67xdkn6kgrudq4rhpp45mpwymbtvwub6vva",
            "route_table_id": null,
            "state": "AVAILABLE",
            "time_created": "2026-03-29 08:36:08.642 +0000 UTC",
            "timeouts": null,
            "vcn_id": "ocid1.vcn.oc1.eu-zurich-1.amaaaaaaoiee5miaiyec5nbvkaacb25yxtnt76lkuravku2e2chmgdjglduq"
          },
          "sensitive_attributes": [],
          "private": "eyJlMmJmYjczMC1lY2FhLTExZTYtOGY4OC0zNDM2M2JjN2M0YzAiOnsiY3JlYXRlIjoxMjAwMDAwMDAwMDAwLCJkZWxldGUiOjEyMDAwMDAwMDAwMDAsInVwZGF0ZSI6MTIwMDAwMDAwMDAwMH19",
          "dependencies": [
            "module.network.oci_core_vcn.this"
          ]
        }
      ]
    },
    {
      "module": "module.network",
      "mode": "managed",
      "type": "oci_core_route_table",
      "name": "public",
      "provider": "provider[\"registry.terraform.io/oracle/oci\"]",
      "instances": [
        {
          "schema_version": 0,
          "attributes": {
            "compartment_id": "ocid1.tenancy.oc1..aaaaaaaayoydvq6z3nxv4t6kz3hbpcak5ufveld6kvuvgclj5nnx5hmn2fxq",
            "defined_tags": {
              "Oracle-Tags.CreatedBy": "default/vicenteherrera@vicenteherrera.com",
              "Oracle-Tags.CreatedOn": "2026-03-29T08:36:09.031Z"
            },
            "display_name": "always-free-vm-public-rt",
            "freeform_tags": {},
            "id": "ocid1.routetable.oc1.eu-zurich-1.aaaaaaaabi5yqq3ijbq3xjwjta7d3srmggnnv6bhdaf3axrtplmx6qlolbwa",
            "route_rules": [
              {
                "cidr_block": "",
                "description": "",
                "destination": "0.0.0.0/0",
                "destination_type": "CIDR_BLOCK",
                "network_entity_id": "ocid1.internetgateway.oc1.eu-zurich-1.aaaaaaaapegdp4m44chozrgrb67xdkn6kgrudq4rhpp45mpwymbtvwub6vva",
                "route_type": "STATIC"
              }
            ],
            "state": "AVAILABLE",
            "time_created": "2026-03-29 08:36:09.046 +0000 UTC",
            "timeouts": null,
            "vcn_id": "ocid1.vcn.oc1.eu-zurich-1.amaaaaaaoiee5miaiyec5nbvkaacb25yxtnt76lkuravku2e2chmgdjglduq"
          },
          "sensitive_attributes": [],
          "private": "eyJlMmJmYjczMC1lY2FhLTExZTYtOGY4OC0zNDM2M2JjN2M0YzAiOnsiY3JlYXRlIjoxMjAwMDAwMDAwMDAwLCJkZWxldGUiOjEyMDAwMDAwMDAwMDAsInVwZGF0ZSI6MTIwMDAwMDAwMDAwMH19",
          "dependencies": [
            "module.network.oci_core_internet_gateway.this",
            "module.network.oci_core_vcn.this"
          ]
        }
      ]
    },
    {
      "module": "module.network",
      "mode": "managed",
      "type": "oci_core_security_list",
      "name": "public",
      "provider": "provider[\"registry.terraform.io/oracle/oci\"]",
      "instances": [
        {
          "schema_version": 0,
          "attributes": {
            "compartment_id": "ocid1.tenancy.oc1..aaaaaaaayoydvq6z3nxv4t6kz3hbpcak5ufveld6kvuvgclj5nnx5hmn2fxq",
            "defined_tags": {
              "Oracle-Tags.CreatedBy": "default/vicenteherrera@vicenteherrera.com",
              "Oracle-Tags.CreatedOn": "2026-03-29T08:36:08.803Z"
            },
            "display_name": "always-free-vm-public-sl",
            "egress_security_rules": [
              {
                "description": "",
                "destination": "0.0.0.0/0",
                "destination_type": "CIDR_BLOCK",
                "icmp_options": [],
                "protocol": "all",
                "stateless": false,
                "tcp_options": [],
                "udp_options": []
              }
            ],
            "freeform_tags": {},
            "id": "ocid1.securitylist.oc1.eu-zurich-1.aaaaaaaapvnlaedntezzz263jf6qdmlq743wu4tlvz6vlxh56euwg6ahhjoa",
            "ingress_security_rules": [
              {
                "description": "",
                "icmp_options": [],
                "protocol": "6",
                "source": "0.0.0.0/0",
                "source_type": "CIDR_BLOCK",
                "stateless": false,
                "tcp_options": [
                  {
                    "max": 22,
                    "min": 22,
                    "source_port_range": []
                  }
                ],
                "udp_options": []
              }
            ],
            "state": "AVAILABLE",
            "time_created": "2026-03-29 08:36:08.833 +0000 UTC",
            "timeouts": null,
            "vcn_id": "ocid1.vcn.oc1.eu-zurich-1.amaaaaaaoiee5miaiyec5nbvkaacb25yxtnt76lkuravku2e2chmgdjglduq"
          },
          "sensitive_attributes": [],
          "private": "eyJlMmJmYjczMC1lY2FhLTExZTYtOGY4OC0zNDM2M2JjN2M0YzAiOnsiY3JlYXRlIjoxMjAwMDAwMDAwMDAwLCJkZWxldGUiOjEyMDAwMDAwMDAwMDAsInVwZGF0ZSI6MTIwMDAwMDAwMDAwMH19",
          "dependencies": [
            "module.network.oci_core_vcn.this"
          ]
        }
      ]
    },
    {
      "module": "module.network",
      "mode": "managed",
      "type": "oci_core_subnet",
      "name": "public",
      "provider": "provider[\"registry.terraform.io/oracle/oci\"]",
      "instances": [
        {
          "schema_version": 0,
          "attributes": {
            "availability_domain": null,
            "cidr_block": "10.0.0.0/24",
            "compartment_id": "ocid1.tenancy.oc1..aaaaaaaayoydvq6z3nxv4t6kz3hbpcak5ufveld6kvuvgclj5nnx5hmn2fxq",
            "defined_tags": {
              "Oracle-Tags.CreatedBy": "default/vicenteherrera@vicenteherrera.com",
              "Oracle-Tags.CreatedOn": "2026-03-29T08:36:09.520Z"
            },
            "dhcp_options_id": "ocid1.dhcpoptions.oc1.eu-zurich-1.aaaaaaaa5s4bxrnm467ifgq2evvnmpx7erkhr4j6tvwv4zq6arqv5ugamhrq",
            "display_name": "always-free-vm-public-subnet",
            "dns_label": null,
            "freeform_tags": {},
            "id": "ocid1.subnet.oc1.eu-zurich-1.aaaaaaaawcfqaclsteiqd75etsqxethyubxjsmenosjnmvhubjlpbsxqws7q",
            "ipv4cidr_blocks": [
              "10.0.0.0/24"
            ],
            "ipv6cidr_block": null,
            "ipv6cidr_blocks": [],
            "ipv6virtual_router_ip": null,
            "prohibit_internet_ingress": false,
            "prohibit_public_ip_on_vnic": false,
            "route_table_id": "ocid1.routetable.oc1.eu-zurich-1.aaaaaaaabi5yqq3ijbq3xjwjta7d3srmggnnv6bhdaf3axrtplmx6qlolbwa",
            "security_list_ids": [
              "ocid1.securitylist.oc1.eu-zurich-1.aaaaaaaapvnlaedntezzz263jf6qdmlq743wu4tlvz6vlxh56euwg6ahhjoa"
            ],
            "state": "AVAILABLE",
            "subnet_domain_name": null,
            "time_created": "2026-03-29 08:36:09.552 +0000 UTC",
            "timeouts": null,
            "vcn_id": "ocid1.vcn.oc1.eu-zurich-1.amaaaaaaoiee5miaiyec5nbvkaacb25yxtnt76lkuravku2e2chmgdjglduq",
            "virtual_router_ip": "10.0.0.1",
            "virtual_router_mac": "00:00:17:36:9E:52"
          },
          "sensitive_attributes": [],
          "private": "eyJlMmJmYjczMC1lY2FhLTExZTYtOGY4OC0zNDM2M2JjN2M0YzAiOnsiY3JlYXRlIjoxMjAwMDAwMDAwMDAwLCJkZWxldGUiOjEyMDAwMDAwMDAwMDAsInVwZGF0ZSI6MTIwMDAwMDAwMDAwMH19",
          "dependencies": [
            "module.network.oci_core_internet_gateway.this",
            "module.network.oci_core_route_table.public",
            "module.network.oci_core_security_list.public",
            "module.network.oci_core_vcn.this"
          ]
        }
      ]
    },
    {
      "module": "module.network",
      "mode": "managed",
      "type": "oci_core_vcn",
      "name": "this",
      "provider": "provider[\"registry.terraform.io/oracle/oci\"]",
      "instances": [
        {
          "schema_version": 0,
          "attributes": {
            "byoipv6cidr_blocks": [],
            "byoipv6cidr_details": [],
            "cidr_block": "10.0.0.0/16",
            "cidr_blocks": [
              "10.0.0.0/16"
            ],
            "compartment_id": "ocid1.tenancy.oc1..aaaaaaaayoydvq6z3nxv4t6kz3hbpcak5ufveld6kvuvgclj5nnx5hmn2fxq",
            "default_dhcp_options_id": "ocid1.dhcpoptions.oc1.eu-zurich-1.aaaaaaaa5s4bxrnm467ifgq2evvnmpx7erkhr4j6tvwv4zq6arqv5ugamhrq",
            "default_route_table_id": "ocid1.routetable.oc1.eu-zurich-1.aaaaaaaarqlhcbaoljldz2eittvlbff6zonskktemdhpn6qpxqv6lq2zei5q",
            "default_security_list_id": "ocid1.securitylist.oc1.eu-zurich-1.aaaaaaaamza6a7vmctnb5yh73tmxvd5jysev47lafvrs4kugrxendmavrzeq",
            "defined_tags": {
              "Oracle-Tags.CreatedBy": "default/vicenteherrera@vicenteherrera.com",
              "Oracle-Tags.CreatedOn": "2026-03-29T08:36:08.149Z"
            },
            "display_name": "always-free-vm-vcn",
            "dns_label": null,
            "freeform_tags": {},
            "id": "ocid1.vcn.oc1.eu-zurich-1.amaaaaaaoiee5miaiyec5nbvkaacb25yxtnt76lkuravku2e2chmgdjglduq",
            "ipv6cidr_blocks": [],
            "ipv6private_cidr_blocks": [],
            "is_ipv6enabled": false,
            "is_oracle_gua_allocation_enabled": null,
            "security_attributes": {},
            "state": "AVAILABLE",
            "time_created": "2026-03-29 08:36:08.177 +0000 UTC",
            "timeouts": null,
            "vcn_domain_name": null
          },
          "sensitive_attributes": [],
          "private": "eyJlMmJmYjczMC1lY2FhLTExZTYtOGY4OC0zNDM2M2JjN2M0YzAiOnsiY3JlYXRlIjoxMjAwMDAwMDAwMDAwLCJkZWxldGUiOjEyMDAwMDAwMDAwMDAsInVwZGF0ZSI6MTIwMDAwMDAwMDAwMH19"
        }
      ]
    },
    {
      "module": "module.vm",
      "mode": "data",
      "type": "oci_core_vnic",
      "name": "primary",
      "provider": "provider[\"registry.terraform.io/oracle/oci\"]",
      "instances": []
    },
    {
      "module": "module.vm",
      "mode": "data",
      "type": "oci_core_vnic_attachments",
      "name": "this",
      "provider": "provider[\"registry.terraform.io/oracle/oci\"]",
      "instances": []
    }
  ],
  "check_results": null
}
