{
  "version": 4,
  "terraform_version": "1.5.7",
  "serial": 140,
  "lineage": "ac608541-2946-549a-7a1f-7bf6d56154b2",
  "outputs": {
    "instance_id": {
      "value": "ocid1.instance.oc1.eu-zurich-1.an5heljroiee5micv4pzieze4hspscui7dr7qchn4mrj3y2onfplzxwtqjoa",
      "type": "string"
    },
    "public_ip": {
      "value": "132.226.223.12",
      "type": "string"
    },
    "subnet_id": {
      "value": "ocid1.subnet.oc1.eu-zurich-1.aaaaaaaakrmzfm3xzrvcgx4jjgd2cxs5qmmuwhcrwsdajkqdxos7n2lbg6ra",
      "type": "string"
    },
    "vcn_id": {
      "value": "ocid1.vcn.oc1.eu-zurich-1.amaaaaaaoiee5miajxrdqffvz7lea6hhn77l64535l2mxgj7grev4vtmudiq",
      "type": "string"
    }
  },
  "resources": [
    {
      "mode": "data",
      "type": "oci_identity_availability_domains",
      "name": "ads",
      "provider": "provider[\"registry.terraform.io/oracle/oci\"]",
      "instances": [
        {
          "schema_version": 0,
          "attributes": {
            "availability_domains": [
              {
                "compartment_id": "ocid1.tenancy.oc1..aaaaaaaayoydvq6z3nxv4t6kz3hbpcak5ufveld6kvuvgclj5nnx5hmn2fxq",
                "id": "ocid1.availabilitydomain.oc1..aaaaaaaahcyn7jl4yxlhced4gce662epqj4bniuu7xnoub2bka7aehwqa2ta",
                "name": "DIBK:EU-ZURICH-1-AD-1"
              }
            ],
            "compartment_id": "ocid1.tenancy.oc1..aaaaaaaayoydvq6z3nxv4t6kz3hbpcak5ufveld6kvuvgclj5nnx5hmn2fxq",
            "filter": null,
            "id": "IdentityAvailabilityDomainsDataSource-3816383519"
          },
          "sensitive_attributes": []
        }
      ]
    },
    {
      "module": "module.network",
      "mode": "managed",
      "type": "oci_core_internet_gateway",
      "name": "this",
      "provider": "provider[\"registry.terraform.io/oracle/oci\"]",
      "instances": [
        {
          "schema_version": 0,
          "attributes": {
            "compartment_id": "ocid1.tenancy.oc1..aaaaaaaayoydvq6z3nxv4t6kz3hbpcak5ufveld6kvuvgclj5nnx5hmn2fxq",
            "defined_tags": {
              "Oracle-Tags.CreatedBy": "default/vicenteherrera@vicenteherrera.com",
              "Oracle-Tags.CreatedOn": "2026-03-30T16:37:06.241Z"
            },
            "display_name": "always-free-vm-igw",
            "enabled": true,
            "freeform_tags": {},
            "id": "ocid1.internetgateway.oc1.eu-zurich-1.aaaaaaaaj6jet3sizegzmtma2ccnfchgynzzhkdmfhp7nmjlctec7gb7thga",
            "route_table_id": null,
            "state": "AVAILABLE",
            "time_created": "2026-03-30 16:37:06.264 +0000 UTC",
            "timeouts": null,
            "vcn_id": "ocid1.vcn.oc1.eu-zurich-1.amaaaaaaoiee5miajxrdqffvz7lea6hhn77l64535l2mxgj7grev4vtmudiq"
          },
          "sensitive_attributes": [],
          "private": "eyJlMmJmYjczMC1lY2FhLTExZTYtOGY4OC0zNDM2M2JjN2M0YzAiOnsiY3JlYXRlIjoxMjAwMDAwMDAwMDAwLCJkZWxldGUiOjEyMDAwMDAwMDAwMDAsInVwZGF0ZSI6MTIwMDAwMDAwMDAwMH19",
          "dependencies": [
            "module.network.oci_core_vcn.this"
          ]
        }
      ]
    },
    {
      "module": "module.network",
      "mode": "managed",
      "type": "oci_core_route_table",
      "name": "public",
      "provider": "provider[\"registry.terraform.io/oracle/oci\"]",
      "instances": [
        {
          "schema_version": 0,
          "attributes": {
            "compartment_id": "ocid1.tenancy.oc1..aaaaaaaayoydvq6z3nxv4t6kz3hbpcak5ufveld6kvuvgclj5nnx5hmn2fxq",
            "defined_tags": {
              "Oracle-Tags.CreatedBy": "default/vicenteherrera@vicenteherrera.com",
              "Oracle-Tags.CreatedOn": "2026-03-30T16:37:06.658Z"
            },
            "display_name": "always-free-vm-public-rt",
            "freeform_tags": {},
            "id": "ocid1.routetable.oc1.eu-zurich-1.aaaaaaaa5d2orf5tziscb6we2jre7wumezcc4rlgih3eiqymdbl7fcxaa53q",
            "route_rules": [
              {
                "cidr_block": "",
                "description": "",
                "destination": "0.0.0.0/0",
                "destination_type": "CIDR_BLOCK",
                "network_entity_id": "ocid1.internetgateway.oc1.eu-zurich-1.aaaaaaaaj6jet3sizegzmtma2ccnfchgynzzhkdmfhp7nmjlctec7gb7thga",
                "route_type": "STATIC"
              }
            ],
            "state": "AVAILABLE",
            "time_created": "2026-03-30 16:37:06.68 +0000 UTC",
            "timeouts": null,
            "vcn_id": "ocid1.vcn.oc1.eu-zurich-1.amaaaaaaoiee5miajxrdqffvz7lea6hhn77l64535l2mxgj7grev4vtmudiq"
          },
          "sensitive_attributes": [],
          "private": "eyJlMmJmYjczMC1lY2FhLTExZTYtOGY4OC0zNDM2M2JjN2M0YzAiOnsiY3JlYXRlIjoxMjAwMDAwMDAwMDAwLCJkZWxldGUiOjEyMDAwMDAwMDAwMDAsInVwZGF0ZSI6MTIwMDAwMDAwMDAwMH19",
          "dependencies": [
            "module.network.oci_core_internet_gateway.this",
            "module.network.oci_core_vcn.this"
          ]
        }
      ]
    },
    {
      "module": "module.network",
      "mode": "managed",
      "type": "oci_core_security_list",
      "name": "public",
      "provider": "provider[\"registry.terraform.io/oracle/oci\"]",
      "instances": [
        {
          "schema_version": 0,
          "attributes": {
            "compartment_id": "ocid1.tenancy.oc1..aaaaaaaayoydvq6z3nxv4t6kz3hbpcak5ufveld6kvuvgclj5nnx5hmn2fxq",
            "defined_tags": {
              "Oracle-Tags.CreatedBy": "default/vicenteherrera@vicenteherrera.com",
              "Oracle-Tags.CreatedOn": "2026-03-30T16:37:06.476Z"
            },
            "display_name": "always-free-vm-public-sl",
            "egress_security_rules": [
              {
                "description": "",
                "destination": "0.0.0.0/0",
                "destination_type": "CIDR_BLOCK",
                "icmp_options": [],
                "protocol": "all",
                "stateless": false,
                "tcp_options": [],
                "udp_options": []
              }
            ],
            "freeform_tags": {},
            "id": "ocid1.securitylist.oc1.eu-zurich-1.aaaaaaaaok2xrgufmycvpiiafa37uniqwqb35wvnhlpdc726w4ssioh4k4aq",
            "ingress_security_rules": [
              {
                "description": "",
                "icmp_options": [],
                "protocol": "6",
                "source": "0.0.0.0/0",
                "source_type": "CIDR_BLOCK",
                "stateless": false,
                "tcp_options": [
                  {
                    "max": 22,
                    "min": 22,
                    "source_port_range": []
                  }
                ],
                "udp_options": []
              }
            ],
            "state": "AVAILABLE",
            "time_created": "2026-03-30 16:37:06.51 +0000 UTC",
            "timeouts": null,
            "vcn_id": "ocid1.vcn.oc1.eu-zurich-1.amaaaaaaoiee5miajxrdqffvz7lea6hhn77l64535l2mxgj7grev4vtmudiq"
          },
          "sensitive_attributes": [],
          "private": "eyJlMmJmYjczMC1lY2FhLTExZTYtOGY4OC0zNDM2M2JjN2M0YzAiOnsiY3JlYXRlIjoxMjAwMDAwMDAwMDAwLCJkZWxldGUiOjEyMDAwMDAwMDAwMDAsInVwZGF0ZSI6MTIwMDAwMDAwMDAwMH19",
          "dependencies": [
            "module.network.oci_core_vcn.this"
          ]
        }
      ]
    },
    {
      "module": "module.network",
      "mode": "managed",
      "type": "oci_core_subnet",
      "name": "public",
      "provider": "provider[\"registry.terraform.io/oracle/oci\"]",
      "instances": [
        {
          "schema_version": 0,
          "attributes": {
            "availability_domain": null,
            "cidr_block": "10.0.0.0/24",
            "compartment_id": "ocid1.tenancy.oc1..aaaaaaaayoydvq6z3nxv4t6kz3hbpcak5ufveld6kvuvgclj5nnx5hmn2fxq",
            "defined_tags": {
              "Oracle-Tags.CreatedBy": "default/vicenteherrera@vicenteherrera.com",
              "Oracle-Tags.CreatedOn": "2026-03-30T16:37:07.028Z"
            },
            "dhcp_options_id": "ocid1.dhcpoptions.oc1.eu-zurich-1.aaaaaaaavdnilq7zfgqdxlmqzg6tmbdkrjmxvsku4fm323jkwx5esabnuf5q",
            "display_name": "always-free-vm-public-subnet",
            "dns_label": null,
            "freeform_tags": {},
            "id": "ocid1.subnet.oc1.eu-zurich-1.aaaaaaaakrmzfm3xzrvcgx4jjgd2cxs5qmmuwhcrwsdajkqdxos7n2lbg6ra",
            "ipv4cidr_blocks": [
              "10.0.0.0/24"
            ],
            "ipv6cidr_block": null,
            "ipv6cidr_blocks": [],
            "ipv6virtual_router_ip": null,
            "prohibit_internet_ingress": false,
            "prohibit_public_ip_on_vnic": false,
            "route_table_id": "ocid1.routetable.oc1.eu-zurich-1.aaaaaaaa5d2orf5tziscb6we2jre7wumezcc4rlgih3eiqymdbl7fcxaa53q",
            "security_list_ids": [
              "ocid1.securitylist.oc1.eu-zurich-1.aaaaaaaaok2xrgufmycvpiiafa37uniqwqb35wvnhlpdc726w4ssioh4k4aq"
            ],
            "state": "AVAILABLE",
            "subnet_domain_name": null,
            "time_created": "2026-03-30 16:37:07.063 +0000 UTC",
            "timeouts": null,
            "vcn_id": "ocid1.vcn.oc1.eu-zurich-1.amaaaaaaoiee5miajxrdqffvz7lea6hhn77l64535l2mxgj7grev4vtmudiq",
            "virtual_router_ip": "10.0.0.1",
            "virtual_router_mac": "00:00:17:EE:71:24"
          },
          "sensitive_attributes": [],
          "private": "eyJlMmJmYjczMC1lY2FhLTExZTYtOGY4OC0zNDM2M2JjN2M0YzAiOnsiY3JlYXRlIjoxMjAwMDAwMDAwMDAwLCJkZWxldGUiOjEyMDAwMDAwMDAwMDAsInVwZGF0ZSI6MTIwMDAwMDAwMDAwMH19",
          "dependencies": [
            "module.network.oci_core_internet_gateway.this",
            "module.network.oci_core_route_table.public",
            "module.network.oci_core_security_list.public",
            "module.network.oci_core_vcn.this"
          ]
        }
      ]
    },
    {
      "module": "module.network",
      "mode": "managed",
      "type": "oci_core_vcn",
      "name": "this",
      "provider": "provider[\"registry.terraform.io/oracle/oci\"]",
      "instances": [
        {
          "schema_version": 0,
          "attributes": {
            "byoipv6cidr_blocks": [],
            "byoipv6cidr_details": [],
            "cidr_block": "10.0.0.0/16",
            "cidr_blocks": [
              "10.0.0.0/16"
            ],
            "compartment_id": "ocid1.tenancy.oc1..aaaaaaaayoydvq6z3nxv4t6kz3hbpcak5ufveld6kvuvgclj5nnx5hmn2fxq",
            "default_dhcp_options_id": "ocid1.dhcpoptions.oc1.eu-zurich-1.aaaaaaaavdnilq7zfgqdxlmqzg6tmbdkrjmxvsku4fm323jkwx5esabnuf5q",
            "default_route_table_id": "ocid1.routetable.oc1.eu-zurich-1.aaaaaaaalt42hvjincx4areirlih7or65hqky45u5ypmf27iuzekl5f6ellq",
            "default_security_list_id": "ocid1.securitylist.oc1.eu-zurich-1.aaaaaaaauhyvkbla2fxp6ssjbbmsglraxr5ggl6woex6j2osayo54lot2mda",
            "defined_tags": {
              "Oracle-Tags.CreatedBy": "default/vicenteherrera@vicenteherrera.com",
              "Oracle-Tags.CreatedOn": "2026-03-30T16:37:05.689Z"
            },
            "display_name": "always-free-vm-vcn",
            "dns_label": null,
            "freeform_tags": {},
            "id": "ocid1.vcn.oc1.eu-zurich-1.amaaaaaaoiee5miajxrdqffvz7lea6hhn77l64535l2mxgj7grev4vtmudiq",
            "ipv6cidr_blocks": [],
            "ipv6private_cidr_blocks": [],
            "is_ipv6enabled": false,
            "is_oracle_gua_allocation_enabled": null,
            "security_attributes": {},
            "state": "AVAILABLE",
            "time_created": "2026-03-30 16:37:05.742 +0000 UTC",
            "timeouts": null,
            "vcn_domain_name": null
          },
          "sensitive_attributes": [],
          "private": "eyJlMmJmYjczMC1lY2FhLTExZTYtOGY4OC0zNDM2M2JjN2M0YzAiOnsiY3JlYXRlIjoxMjAwMDAwMDAwMDAwLCJkZWxldGUiOjEyMDAwMDAwMDAwMDAsInVwZGF0ZSI6MTIwMDAwMDAwMDAwMH19"
        }
      ]
    },
    {
      "module": "module.vm",
      "mode": "data",
      "type": "oci_core_vnic",
      "name": "primary",
      "provider": "provider[\"registry.terraform.io/oracle/oci\"]",
      "instances": [
        {
          "schema_version": 0,
          "attributes": {
            "availability_domain": "DIBK:EU-ZURICH-1-AD-1",
            "compartment_id": "ocid1.tenancy.oc1..aaaaaaaayoydvq6z3nxv4t6kz3hbpcak5ufveld6kvuvgclj5nnx5hmn2fxq",
            "defined_tags": {
              "Oracle-Tags.CreatedBy": "default/vicenteherrera@vicenteherrera.com",
              "Oracle-Tags.CreatedOn": "2026-03-31T07:46:02.444Z"
            },
            "display_name": "always-free-vm",
            "freeform_tags": {},
            "hostname_label": null,
            "id": "ocid1.vnic.oc1.eu-zurich-1.ab5heljr45mu4qaxe6krcnhfp67u4lc7pz6bke6zc7nkwys7saopxaxruttq",
            "ipv6addresses": [],
            "is_primary": true,
            "mac_address": "02:00:17:18:F6:C8",
            "nsg_ids": [],
            "private_ip_address": "10.0.0.12",
            "public_ip_address": "132.226.223.12",
            "route_table_id": null,
            "security_attributes": {},
            "skip_source_dest_check": false,
            "state": "AVAILABLE",
            "subnet_id": "ocid1.subnet.oc1.eu-zurich-1.aaaaaaaakrmzfm3xzrvcgx4jjgd2cxs5qmmuwhcrwsdajkqdxos7n2lbg6ra",
            "time_created": "2026-03-31 07:46:08.38 +0000 UTC",
            "vlan_id": null,
            "vnic_id": "ocid1.vnic.oc1.eu-zurich-1.ab5heljr45mu4qaxe6krcnhfp67u4lc7pz6bke6zc7nkwys7saopxaxruttq"
          },
          "sensitive_attributes": []
        }
      ]
    },
    {
      "module": "module.vm",
      "mode": "data",
      "type": "oci_core_vnic_attachments",
      "name": "this",
      "provider": "provider[\"registry.terraform.io/oracle/oci\"]",
      "instances": [
        {
          "schema_version": 0,
          "attributes": {
            "availability_domain": null,
            "compartment_id": "ocid1.tenancy.oc1..aaaaaaaayoydvq6z3nxv4t6kz3hbpcak5ufveld6kvuvgclj5nnx5hmn2fxq",
            "filter": null,
            "id": "CoreVnicAttachmentsDataSource-3849588834",
            "instance_id": "ocid1.instance.oc1.eu-zurich-1.an5heljroiee5micv4pzieze4hspscui7dr7qchn4mrj3y2onfplzxwtqjoa",
            "vnic_attachments": [
              {
                "availability_domain": "DIBK:EU-ZURICH-1-AD-1",
                "compartment_id": "ocid1.tenancy.oc1..aaaaaaaayoydvq6z3nxv4t6kz3hbpcak5ufveld6kvuvgclj5nnx5hmn2fxq",
                "create_vnic_details": [],
                "display_name": "",
                "id": "ocid1.vnicattachment.oc1.eu-zurich-1.an5heljroiee5mico5ofvzgx2wcfl5araozbeyidi7px2fy2aaysjfyhdvwq",
                "instance_id": "ocid1.instance.oc1.eu-zurich-1.an5heljroiee5micv4pzieze4hspscui7dr7qchn4mrj3y2onfplzxwtqjoa",
                "nic_index": 0,
                "state": "ATTACHED",
                "subnet_id": "ocid1.subnet.oc1.eu-zurich-1.aaaaaaaakrmzfm3xzrvcgx4jjgd2cxs5qmmuwhcrwsdajkqdxos7n2lbg6ra",
                "time_created": "2026-03-31 07:46:09.323 +0000 UTC",
                "vlan_id": "",
                "vlan_tag": 437,
                "vnic_id": "ocid1.vnic.oc1.eu-zurich-1.ab5heljr45mu4qaxe6krcnhfp67u4lc7pz6bke6zc7nkwys7saopxaxruttq"
              }
            ],
            "vnic_id": null
          },
          "sensitive_attributes": []
        }
      ]
    },
    {
      "module": "module.vm",
      "mode": "managed",
      "type": "oci_core_instance",
      "name": "this",
      "provider": "provider[\"registry.terraform.io/oracle/oci\"]",
      "instances": [
        {
          "schema_version": 0,
          "attributes": {
            "agent_config": [
              {
                "are_all_plugins_disabled": false,
                "is_management_disabled": false,
                "is_monitoring_disabled": false,
                "plugins_config": []
              }
            ],
            "async": null,
            "availability_config": [
              {
                "is_live_migration_preferred": false,
                "recovery_action": "RESTORE_INSTANCE"
              }
            ],
            "availability_domain": "DIBK:EU-ZURICH-1-AD-1",
            "boot_volume_id": "ocid1.bootvolume.oc1.eu-zurich-1.ab5heljr22c2svzt2s7uzoew32kz4kpnajde6nli76w6ujvdqhgcpirecxea",
            "capacity_reservation_id": null,
            "cluster_placement_group_id": null,
            "compartment_id": "ocid1.tenancy.oc1..aaaaaaaayoydvq6z3nxv4t6kz3hbpcak5ufveld6kvuvgclj5nnx5hmn2fxq",
            "compute_cluster_id": null,
            "create_vnic_details": [
              {
                "assign_ipv6ip": false,
                "assign_private_dns_record": false,
                "assign_public_ip": "true",
                "defined_tags": {
                  "Oracle-Tags.CreatedBy": "default/vicenteherrera@vicenteherrera.com",
                  "Oracle-Tags.CreatedOn": "2026-03-31T07:46:02.444Z"
                },
                "display_name": "always-free-vm",
                "freeform_tags": {},
                "hostname_label": "",
                "ipv6address_ipv6subnet_cidr_pair_details": [],
                "nsg_ids": [],
                "private_ip": "10.0.0.12",
                "private_ip_id": "",
                "security_attributes": {},
                "skip_source_dest_check": false,
                "subnet_cidr": "",
                "subnet_id": "ocid1.subnet.oc1.eu-zurich-1.aaaaaaaakrmzfm3xzrvcgx4jjgd2cxs5qmmuwhcrwsdajkqdxos7n2lbg6ra",
                "vlan_id": ""
              }
            ],
            "dedicated_vm_host_id": null,
            "defined_tags": {
              "Oracle-Tags.CreatedBy": "default/vicenteherrera@vicenteherrera.com",
              "Oracle-Tags.CreatedOn": "2026-03-31T07:46:02.371Z"
            },
            "display_name": "always-free-vm",
            "extended_metadata": {},
            "fault_domain": "FAULT-DOMAIN-2",
            "freeform_tags": {},
            "hostname_label": "",
            "id": "ocid1.instance.oc1.eu-zurich-1.an5heljroiee5micv4pzieze4hspscui7dr7qchn4mrj3y2onfplzxwtqjoa",
            "image": "ocid1.image.oc1.eu-zurich-1.aaaaaaaamrvj7pzacjupnhmwp6lbq3jnkkla4yscscfu7znpiu72fhoz7wwa",
            "instance_configuration_id": null,
            "instance_options": [
              {
                "are_legacy_imds_endpoints_disabled": false
              }
            ],
            "ipxe_script": null,
            "is_ai_enterprise_enabled": null,
            "is_cross_numa_node": false,
            "is_pv_encryption_in_transit_enabled": null,
            "launch_mode": "PARAVIRTUALIZED",
            "launch_options": [
              {
                "boot_volume_type": "PARAVIRTUALIZED",
                "firmware": "UEFI_64",
                "is_consistent_volume_naming_enabled": true,
                "is_pv_encryption_in_transit_enabled": false,
                "network_type": "PARAVIRTUALIZED",
                "remote_data_volume_type": "PARAVIRTUALIZED"
              }
            ],
            "launch_volume_attachments": null,
            "licensing_configs": [],
            "metadata": {
              "ssh_authorized_keys": "ssh-ed25519 AAAAC3NzaC1lZDI1NTE5AAAAIBrOZ+EWcGGUWQN6fHPq+frq7nIaik3DlTMSAze9rw/h vicenteherrera@vicenteherrera.com"
            },
            "placement_constraint_details": [],
            "platform_config": [],
            "preemptible_instance_config": [],
            "preserve_boot_volume": null,
            "preserve_data_volumes_created_at_launch": null,
            "private_ip": "10.0.0.12",
            "public_ip": "132.226.223.12",
            "region": "eu-zurich-1",
            "security_attributes": {},
            "security_attributes_state": "STABLE",
            "shape": "VM.Standard.E2.1.Micro",
            "shape_config": [
              {
                "baseline_ocpu_utilization": "",
                "gpu_description": "",
                "gpus": 0,
                "local_disk_description": "",
                "local_disks": 0,
                "local_disks_total_size_in_gbs": 0,
                "max_vnic_attachments": 1,
                "memory_in_gbs": 1,
                "networking_bandwidth_in_gbps": 0.47999998927116394,
                "nvmes": 0,
                "ocpus": 1,
                "processor_description": "2.0 GHz AMD EPYC™ 7551 (Naples)",
                "resource_management": "",
                "vcpus": 2
              }
            ],
            "source_details": [
              {
                "boot_volume_size_in_gbs": "47",
                "boot_volume_vpus_per_gb": "10",
                "instance_source_image_filter_details": [],
                "is_preserve_boot_volume_enabled": false,
                "kms_key_id": "",
                "source_id": "ocid1.image.oc1.eu-zurich-1.aaaaaaaamrvj7pzacjupnhmwp6lbq3jnkkla4yscscfu7znpiu72fhoz7wwa",
                "source_type": "image"
              }
            ],
            "state": "RUNNING",
            "subnet_id": "ocid1.subnet.oc1.eu-zurich-1.aaaaaaaakrmzfm3xzrvcgx4jjgd2cxs5qmmuwhcrwsdajkqdxos7n2lbg6ra",
            "system_tags": {
              "orcl-cloud.free-tier-retained": "true"
            },
            "time_created": "2026-03-31 07:46:02.771 +0000 UTC",
            "time_maintenance_reboot_due": "",
            "timeouts": null,
            "update_operation_constraint": null
          },
          "sensitive_attributes": [],
          "private": "eyJlMmJmYjczMC1lY2FhLTExZTYtOGY4OC0zNDM2M2JjN2M0YzAiOnsiY3JlYXRlIjoyNzAwMDAwMDAwMDAwLCJkZWxldGUiOjQ1MDAwMDAwMDAwMDAsInVwZGF0ZSI6MjcwMDAwMDAwMDAwMH19",
          "dependencies": [
            "data.oci_identity_availability_domains.ads",
            "module.network.oci_core_subnet.public"
          ]
        }
      ]
    }
  ],
  "check_results": null
}
